{
  "pins" : [
    {
      "identity" : "csqlite",
      "kind" : "remoteSourceControl",
      "location" : "https://github.com/simolus3/CSQLite.git",
      "state" : {
        "revision" : "1ee46d19a4f451a7aa64ffc64fc99b4748131e62"
      }
    },
    {
      "identity" : "google-cast-sdk",
      "kind" : "remoteSourceControl",
      "location" : "https://github.com/SRGSSR/google-cast-sdk.git",
      "state" : {
        "revision" : "516f7111116bc412230309636842d3bbf77efdd8",
        "version" : "4.8.4"
      }
    },
    {
      "identity" : "sentry-cocoa",
      "kind" : "remoteSourceControl",
      "location" : "https://github.com/getsentry/sentry-cocoa",
      "state" : {
        "revision" : "dad229c665bfd043c5d80ac7aa77717cbd19a1c3",
        "version" : "8.58.3"
      }
    }
  ],
  "version" : 2
}
